
Microsoft Visual Studio Solution File, Format Version 11.00
# Visual Studio 2010
Project("{FAE04EC0-301F-11D3-BF4B-00C04F79EFBC}") = "Base Rustler v.0.2", "NavMeshComponentsExamples.csproj", "{973242F3-7935-26A9-32F9-F3322ED4BEC5}"
EndProject
Project("{FAE04EC0-301F-11D3-BF4B-00C04F79EFBC}") = "Base Rustler v.0.2", "NavMeshComponents.csproj", "{CFB529F6-283C-5707-4F30-F6CA1BE90F93}"
EndProject
Project("{FAE04EC0-301F-11D3-BF4B-00C04F79EFBC}") = "Base Rustler v.0.2", "Assembly-CSharp.csproj", "{1D8F8727-3ADC-1701-CAE3-5A59C3085F9F}"
EndProject
Project("{FAE04EC0-301F-11D3-BF4B-00C04F79EFBC}") = "Base Rustler v.0.2", "NavMeshComponentsPlaymodeTests.csproj", "{B5CD2E82-71FB-235E-F350-523283767384}"
EndProject
Project("{FAE04EC0-301F-11D3-BF4B-00C04F79EFBC}") = "Base Rustler v.0.2", "NavMeshComponentsEditor.csproj", "{1C7D4712-7BA8-CC92-2F76-5B3C43F69253}"
EndProject
Project("{FAE04EC0-301F-11D3-BF4B-00C04F79EFBC}") = "Base Rustler v.0.2", "NavMeshComponentsExamplesEditor.csproj", "{D7BA2CAC-9608-7375-F565-B95C8ABBB494}"
EndProject
Global
	GlobalSection(SolutionConfigurationPlatforms) = preSolution
		Debug|Any CPU = Debug|Any CPU
		Release|Any CPU = Release|Any CPU
	EndGlobalSection
	GlobalSection(ProjectConfigurationPlatforms) = postSolution
		{973242F3-7935-26A9-32F9-F3322ED4BEC5}.Debug|Any CPU.ActiveCfg = Debug|Any CPU
		{973242F3-7935-26A9-32F9-F3322ED4BEC5}.Debug|Any CPU.Build.0 = Debug|Any CPU
		{973242F3-7935-26A9-32F9-F3322ED4BEC5}.Release|Any CPU.ActiveCfg = Release|Any CPU
		{973242F3-7935-26A9-32F9-F3322ED4BEC5}.Release|Any CPU.Build.0 = Release|Any CPU
		{CFB529F6-283C-5707-4F30-F6CA1BE90F93}.Debug|Any CPU.ActiveCfg = Debug|Any CPU
		{CFB529F6-283C-5707-4F30-F6CA1BE90F93}.Debug|Any CPU.Build.0 = Debug|Any CPU
		{CFB529F6-283C-5707-4F30-F6CA1BE90F93}.Release|Any CPU.ActiveCfg = Release|Any CPU
		{CFB529F6-283C-5707-4F30-F6CA1BE90F93}.Release|Any CPU.Build.0 = Release|Any CPU
		{1D8F8727-3ADC-1701-CAE3-5A59C3085F9F}.Debug|Any CPU.ActiveCfg = Debug|Any CPU
		{1D8F8727-3ADC-1701-CAE3-5A59C3085F9F}.Debug|Any CPU.Build.0 = Debug|Any CPU
		{1D8F8727-3ADC-1701-CAE3-5A59C3085F9F}.Release|Any CPU.ActiveCfg = Release|Any CPU
		{1D8F8727-3ADC-1701-CAE3-5A59C3085F9F}.Release|Any CPU.Build.0 = Release|Any CPU
		{B5CD2E82-71FB-235E-F350-523283767384}.Debug|Any CPU.ActiveCfg = Debug|Any CPU
		{B5CD2E82-71FB-235E-F350-523283767384}.Debug|Any CPU.Build.0 = Debug|Any CPU
		{B5CD2E82-71FB-235E-F350-523283767384}.Release|Any CPU.ActiveCfg = Release|Any CPU
		{B5CD2E82-71FB-235E-F350-523283767384}.Release|Any CPU.Build.0 = Release|Any CPU
		{1C7D4712-7BA8-CC92-2F76-5B3C43F69253}.Debug|Any CPU.ActiveCfg = Debug|Any CPU
		{1C7D4712-7BA8-CC92-2F76-5B3C43F69253}.Debug|Any CPU.Build.0 = Debug|Any CPU
		{1C7D4712-7BA8-CC92-2F76-5B3C43F69253}.Release|Any CPU.ActiveCfg = Release|Any CPU
		{1C7D4712-7BA8-CC92-2F76-5B3C43F69253}.Release|Any CPU.Build.0 = Release|Any CPU
		{D7BA2CAC-9608-7375-F565-B95C8ABBB494}.Debug|Any CPU.ActiveCfg = Debug|Any CPU
		{D7BA2CAC-9608-7375-F565-B95C8ABBB494}.Debug|Any CPU.Build.0 = Debug|Any CPU
		{D7BA2CAC-9608-7375-F565-B95C8ABBB494}.Release|Any CPU.ActiveCfg = Release|Any CPU
		{D7BA2CAC-9608-7375-F565-B95C8ABBB494}.Release|Any CPU.Build.0 = Release|Any CPU
	EndGlobalSection
	GlobalSection(SolutionProperties) = preSolution
		HideSolutionNode = FALSE
	EndGlobalSection
	GlobalSection(MonoDevelopProperties) = preSolution
		StartupItem = Assembly-CSharp.csproj
	EndGlobalSection
EndGlobal
